
Microsoft Visual Studio Solution File, Format Version 12.00
# Visual Studio Version 16
VisualStudioVersion = 16.0.30413.136
MinimumVisualStudioVersion = 10.0.40219.1
Project("{E24C65DC-7377-472B-9ABA-BC803B73C61A}") = "PersonalWebsite", ".", "{5C982372-04D4-4972-B122-BCEE2F95B323}"
	ProjectSection(WebsiteProperties) = preProject
		TargetFrameworkMoniker = ".NETFramework,Version%3Dv4.0"
		Debug.AspNetCompiler.VirtualPath = "/localhost_53619"
		Debug.AspNetCompiler.PhysicalPath = "..\..\..\..\..\Applications\PersonalWebsite\"
		Debug.AspNetCompiler.TargetPath = "PrecompiledWeb\localhost_53619\"
		Debug.AspNetCompiler.Updateable = "true"
		Debug.AspNetCompiler.ForceOverwrite = "true"
		Debug.AspNetCompiler.FixedNames = "false"
		Debug.AspNetCompiler.Debug = "True"
		Release.AspNetCompiler.VirtualPath = "/localhost_53619"
		Release.AspNetCompiler.PhysicalPath = "..\..\..\..\..\Applications\PersonalWebsite\"
		Release.AspNetCompiler.TargetPath = "PrecompiledWeb\localhost_53619\"
		Release.AspNetCompiler.Updateable = "true"
		Release.AspNetCompiler.ForceOverwrite = "true"
		Release.AspNetCompiler.FixedNames = "false"
		Release.AspNetCompiler.Debug = "False"
		VWDPort = "53619"
	EndProjectSection
EndProject
Global
	GlobalSection(SolutionConfigurationPlatforms) = preSolution
		Debug|Any CPU = Debug|Any CPU
	EndGlobalSection
	GlobalSection(ProjectConfigurationPlatforms) = postSolution
		{5C982372-04D4-4972-B122-BCEE2F95B323}.Debug|Any CPU.ActiveCfg = Debug|Any CPU
		{5C982372-04D4-4972-B122-BCEE2F95B323}.Debug|Any CPU.Build.0 = Debug|Any CPU
	EndGlobalSection
	GlobalSection(SolutionProperties) = preSolution
		HideSolutionNode = FALSE
	EndGlobalSection
	GlobalSection(ExtensibilityGlobals) = postSolution
		SolutionGuid = {889B3E1E-BF4D-43A2-80FC-516FDBB7FFD0}
	EndGlobalSection
EndGlobal
